
Microsoft Visual Studio Solution File, Format Version 12.00
# Visual Studio Version 17
VisualStudioVersion = 17.0.32112.339
MinimumVisualStudioVersion = 10.0.40219.1
Project("{9A19103F-16F7-4668-BE54-9A1E7A4F7556}") = "BetterSongList", "BetterSongList\BetterSongList.csproj", "{6752527E-B01D-4457-8ADE-262B2A6A1125}"
EndProject
Project("{9A19103F-16F7-4668-BE54-9A1E7A4F7556}") = "BetterSongList.LastPlayedSort", "BetterSongList.LastPlayedSort\BetterSongList.LastPlayedSort.csproj", "{14269CDE-DEC8-458D-84A3-ACD5A768A04C}"
EndProject
Project("{9A19103F-16F7-4668-BE54-9A1E7A4F7556}") = "BetterSongList.LastPlayedSort.Test", "BetterSongList.LastPlayedSort.Test\BetterSongList.LastPlayedSort.Test.csproj", "{248F8761-0D9B-41BB-BC89-E2331D744BC0}"
EndProject
Project("{2150E333-8FDC-42A3-9474-1A3956D46DE8}") = "Solution Items", "Solution Items", "{24A6A13D-6539-4783-9F65-2A42848533D3}"
	ProjectSection(SolutionItems) = preProject
		README.md = README.md
	EndProjectSection
EndProject
Global
	GlobalSection(SolutionConfigurationPlatforms) = preSolution
		Debug|x64 = Debug|x64
		DebugTest|x64 = DebugTest|x64
		Release|x64 = Release|x64
	EndGlobalSection
	GlobalSection(ProjectConfigurationPlatforms) = postSolution
		{6752527E-B01D-4457-8ADE-262B2A6A1125}.Debug|x64.ActiveCfg = Debug|x64
		{6752527E-B01D-4457-8ADE-262B2A6A1125}.Debug|x64.Build.0 = Debug|x64
		{6752527E-B01D-4457-8ADE-262B2A6A1125}.DebugTest|x64.ActiveCfg = Debug|x64
		{6752527E-B01D-4457-8ADE-262B2A6A1125}.DebugTest|x64.Build.0 = Debug|x64
		{6752527E-B01D-4457-8ADE-262B2A6A1125}.Release|x64.ActiveCfg = Release|x64
		{6752527E-B01D-4457-8ADE-262B2A6A1125}.Release|x64.Build.0 = Release|x64
		{14269CDE-DEC8-458D-84A3-ACD5A768A04C}.Debug|x64.ActiveCfg = Debug|x64
		{14269CDE-DEC8-458D-84A3-ACD5A768A04C}.Debug|x64.Build.0 = Debug|x64
		{14269CDE-DEC8-458D-84A3-ACD5A768A04C}.DebugTest|x64.ActiveCfg = Debug|x64
		{14269CDE-DEC8-458D-84A3-ACD5A768A04C}.DebugTest|x64.Build.0 = Debug|x64
		{14269CDE-DEC8-458D-84A3-ACD5A768A04C}.Release|x64.ActiveCfg = Release|x64
		{14269CDE-DEC8-458D-84A3-ACD5A768A04C}.Release|x64.Build.0 = Release|x64
		{248F8761-0D9B-41BB-BC89-E2331D744BC0}.Debug|x64.ActiveCfg = Debug|x64
		{248F8761-0D9B-41BB-BC89-E2331D744BC0}.Debug|x64.Build.0 = Debug|x64
		{248F8761-0D9B-41BB-BC89-E2331D744BC0}.DebugTest|x64.ActiveCfg = DebugTest|x64
		{248F8761-0D9B-41BB-BC89-E2331D744BC0}.DebugTest|x64.Build.0 = DebugTest|x64
		{248F8761-0D9B-41BB-BC89-E2331D744BC0}.Release|x64.ActiveCfg = Release|x64
	EndGlobalSection
	GlobalSection(SolutionProperties) = preSolution
		HideSolutionNode = FALSE
	EndGlobalSection
	GlobalSection(ExtensibilityGlobals) = postSolution
		SolutionGuid = {43F9DC4A-CFA3-49CE-81CA-9BEE6F266763}
	EndGlobalSection
EndGlobal
