
Microsoft Visual Studio Solution File, Format Version 12.00
# Visual Studio Version 17
VisualStudioVersion = 17.0.32112.339
MinimumVisualStudioVersion = 10.0.40219.1
Project("{9A19103F-16F7-4668-BE54-9A1E7A4F7556}") = "BetterSort.LastPlayed", "BetterSort.LastPlayed\BetterSort.LastPlayed.csproj", "{14269CDE-DEC8-458D-84A3-ACD5A768A04C}"
EndProject
Project("{9A19103F-16F7-4668-BE54-9A1E7A4F7556}") = "BetterSort.LastPlayed.Test", "BetterSort.LastPlayed.Test\BetterSort.LastPlayed.Test.csproj", "{248F8761-0D9B-41BB-BC89-E2331D744BC0}"
	ProjectSection(ProjectDependencies) = postProject
		{14269CDE-DEC8-458D-84A3-ACD5A768A04C} = {14269CDE-DEC8-458D-84A3-ACD5A768A04C}
	EndProjectSection
EndProject
Project("{2150E333-8FDC-42A3-9474-1A3956D46DE8}") = "Solution Items", "Solution Items", "{24A6A13D-6539-4783-9F65-2A42848533D3}"
	ProjectSection(SolutionItems) = preProject
		.editorconfig = .editorconfig
		Directory.Build.props = Directory.Build.props
		README.md = README.md
	EndProjectSection
EndProject
Project("{9A19103F-16F7-4668-BE54-9A1E7A4F7556}") = "BetterSort.Accuracy", "BetterSort.Accuracy\BetterSort.Accuracy.csproj", "{56D037CE-D147-4E85-AC36-657DD88CA6A4}"
EndProject
Project("{9A19103F-16F7-4668-BE54-9A1E7A4F7556}") = "BetterSort.Common", "BetterSort.Common\BetterSort.Common.csproj", "{E33A3210-EC67-4E24-9927-A3AA00F8E3B8}"
EndProject
Project("{9A19103F-16F7-4668-BE54-9A1E7A4F7556}") = "BetterSort.Common.Test", "BetterSort.Common.Test\BetterSort.Common.Test.csproj", "{CDA7BC28-44E6-4197-9F64-25F25AE5AD42}"
EndProject
Project("{9A19103F-16F7-4668-BE54-9A1E7A4F7556}") = "BetterSort.Accuracy.Test", "BetterSort.Accuracy.Test\BetterSort.Accuracy.Test.csproj", "{1FDA8A17-359C-44C6-B032-2FC119B1CB3B}"
	ProjectSection(ProjectDependencies) = postProject
		{56D037CE-D147-4E85-AC36-657DD88CA6A4} = {56D037CE-D147-4E85-AC36-657DD88CA6A4}
	EndProjectSection
EndProject
Global
	GlobalSection(SolutionConfigurationPlatforms) = preSolution
		Debug-1.29.1|x64 = Debug-1.29.1|x64
		Debug-1.34.2|x64 = Debug-1.34.2|x64
		Debug-1.36.2|x64 = Debug-1.36.2|x64
		Debug-1.37.5|x64 = Debug-1.37.5|x64
		Release-1.29.1|x64 = Release-1.29.1|x64
		Release-1.34.2|x64 = Release-1.34.2|x64
		Release-1.36.2|x64 = Release-1.36.2|x64
		Release-1.37.5|x64 = Release-1.37.5|x64
	EndGlobalSection
	GlobalSection(ProjectConfigurationPlatforms) = postSolution
		{14269CDE-DEC8-458D-84A3-ACD5A768A04C}.Debug-1.29.1|x64.ActiveCfg = Debug-1.29.1|x64
		{14269CDE-DEC8-458D-84A3-ACD5A768A04C}.Debug-1.29.1|x64.Build.0 = Debug-1.29.1|x64
		{14269CDE-DEC8-458D-84A3-ACD5A768A04C}.Debug-1.34.2|x64.ActiveCfg = Debug-1.34.2|x64
		{14269CDE-DEC8-458D-84A3-ACD5A768A04C}.Debug-1.34.2|x64.Build.0 = Debug-1.34.2|x64
		{14269CDE-DEC8-458D-84A3-ACD5A768A04C}.Debug-1.36.2|x64.ActiveCfg = Debug-1.36.2|x64
		{14269CDE-DEC8-458D-84A3-ACD5A768A04C}.Debug-1.36.2|x64.Build.0 = Debug-1.36.2|x64
		{14269CDE-DEC8-458D-84A3-ACD5A768A04C}.Debug-1.37.5|x64.ActiveCfg = Debug-1.37.5|x64
    {14269CDE-DEC8-458D-84A3-ACD5A768A04C}.Debug-1.37.5|x64.Build.0 = Debug-1.37.5|x64
		{14269CDE-DEC8-458D-84A3-ACD5A768A04C}.Release-1.29.1|x64.ActiveCfg = Release-1.29.1|x64
		{14269CDE-DEC8-458D-84A3-ACD5A768A04C}.Release-1.29.1|x64.Build.0 = Release-1.29.1|x64
		{14269CDE-DEC8-458D-84A3-ACD5A768A04C}.Release-1.34.2|x64.ActiveCfg = Release-1.34.2|x64
		{14269CDE-DEC8-458D-84A3-ACD5A768A04C}.Release-1.34.2|x64.Build.0 = Release-1.34.2|x64
		{14269CDE-DEC8-458D-84A3-ACD5A768A04C}.Release-1.36.2|x64.ActiveCfg = Release-1.36.2|x64
		{14269CDE-DEC8-458D-84A3-ACD5A768A04C}.Release-1.36.2|x64.Build.0 = Release-1.36.2|x64
		{14269CDE-DEC8-458D-84A3-ACD5A768A04C}.Release-1.37.5|x64.ActiveCfg = Release-1.37.5|x64
    {14269CDE-DEC8-458D-84A3-ACD5A768A04C}.Release-1.37.5|x64.Build.0 = Release-1.37.5|x64
		{248F8761-0D9B-41BB-BC89-E2331D744BC0}.Debug-1.29.1|x64.ActiveCfg = Debug-1.29.1|x64
		{248F8761-0D9B-41BB-BC89-E2331D744BC0}.Debug-1.29.1|x64.Build.0 = Debug-1.29.1|x64
		{248F8761-0D9B-41BB-BC89-E2331D744BC0}.Debug-1.34.2|x64.ActiveCfg = Debug-1.34.2|x64
		{248F8761-0D9B-41BB-BC89-E2331D744BC0}.Debug-1.34.2|x64.Build.0 = Debug-1.34.2|x64
		{248F8761-0D9B-41BB-BC89-E2331D744BC0}.Debug-1.36.2|x64.ActiveCfg = Debug-1.36.2|x64
		{248F8761-0D9B-41BB-BC89-E2331D744BC0}.Debug-1.36.2|x64.Build.0 = Debug-1.36.2|x64
		{248F8761-0D9B-41BB-BC89-E2331D744BC0}.Debug-1.37.5|x64.ActiveCfg = Debug-1.37.5|x64
    {248F8761-0D9B-41BB-BC89-E2331D744BC0}.Debug-1.37.5|x64.Build.0 = Debug-1.37.5|x64
		{248F8761-0D9B-41BB-BC89-E2331D744BC0}.Release-1.29.1|x64.ActiveCfg = Release-1.29.1|x64
		{248F8761-0D9B-41BB-BC89-E2331D744BC0}.Release-1.29.1|x64.Build.0 = Release-1.29.1|x64
		{248F8761-0D9B-41BB-BC89-E2331D744BC0}.Release-1.34.2|x64.ActiveCfg = Release-1.34.2|x64
		{248F8761-0D9B-41BB-BC89-E2331D744BC0}.Release-1.34.2|x64.Build.0 = Release-1.34.2|x64
		{248F8761-0D9B-41BB-BC89-E2331D744BC0}.Release-1.36.2|x64.ActiveCfg = Release-1.36.2|x64
		{248F8761-0D9B-41BB-BC89-E2331D744BC0}.Release-1.36.2|x64.Build.0 = Release-1.36.2|x64
		{248F8761-0D9B-41BB-BC89-E2331D744BC0}.Release-1.37.5|x64.ActiveCfg = Release-1.37.5|x64
    {248F8761-0D9B-41BB-BC89-E2331D744BC0}.Release-1.37.5|x64.Build.0 = Release-1.37.5|x64
		{56D037CE-D147-4E85-AC36-657DD88CA6A4}.Debug-1.29.1|x64.ActiveCfg = Debug-1.29.1|x64
		{56D037CE-D147-4E85-AC36-657DD88CA6A4}.Debug-1.29.1|x64.Build.0 = Debug-1.29.1|x64
		{56D037CE-D147-4E85-AC36-657DD88CA6A4}.Debug-1.34.2|x64.ActiveCfg = Debug-1.34.2|x64
		{56D037CE-D147-4E85-AC36-657DD88CA6A4}.Debug-1.34.2|x64.Build.0 = Debug-1.34.2|x64
		{56D037CE-D147-4E85-AC36-657DD88CA6A4}.Debug-1.36.2|x64.ActiveCfg = Debug-1.36.2|x64
		{56D037CE-D147-4E85-AC36-657DD88CA6A4}.Debug-1.36.2|x64.Build.0 = Debug-1.36.2|x64
		{56D037CE-D147-4E85-AC36-657DD88CA6A4}.Debug-1.37.5|x64.ActiveCfg = Debug-1.37.5|x64
    {56D037CE-D147-4E85-AC36-657DD88CA6A4}.Debug-1.37.5|x64.Build.0 = Debug-1.37.5|x64
		{56D037CE-D147-4E85-AC36-657DD88CA6A4}.Release-1.29.1|x64.ActiveCfg = Release-1.29.1|x64
		{56D037CE-D147-4E85-AC36-657DD88CA6A4}.Release-1.29.1|x64.Build.0 = Release-1.29.1|x64
		{56D037CE-D147-4E85-AC36-657DD88CA6A4}.Release-1.34.2|x64.ActiveCfg = Release-1.34.2|x64
		{56D037CE-D147-4E85-AC36-657DD88CA6A4}.Release-1.34.2|x64.Build.0 = Release-1.34.2|x64
		{56D037CE-D147-4E85-AC36-657DD88CA6A4}.Release-1.36.2|x64.ActiveCfg = Release-1.36.2|x64
		{56D037CE-D147-4E85-AC36-657DD88CA6A4}.Release-1.36.2|x64.Build.0 = Release-1.36.2|x64
		{56D037CE-D147-4E85-AC36-657DD88CA6A4}.Release-1.37.5|x64.ActiveCfg = Release-1.37.5|x64
    {56D037CE-D147-4E85-AC36-657DD88CA6A4}.Release-1.37.5|x64.Build.0 = Release-1.37.5|x64
		{E33A3210-EC67-4E24-9927-A3AA00F8E3B8}.Debug-1.29.1|x64.ActiveCfg = Debug-1.29.1|x64
		{E33A3210-EC67-4E24-9927-A3AA00F8E3B8}.Debug-1.29.1|x64.Build.0 = Debug-1.29.1|x64
		{E33A3210-EC67-4E24-9927-A3AA00F8E3B8}.Debug-1.34.2|x64.ActiveCfg = Debug-1.34.2|x64
		{E33A3210-EC67-4E24-9927-A3AA00F8E3B8}.Debug-1.34.2|x64.Build.0 = Debug-1.34.2|x64
		{E33A3210-EC67-4E24-9927-A3AA00F8E3B8}.Debug-1.36.2|x64.ActiveCfg = Debug-1.36.2|x64
		{E33A3210-EC67-4E24-9927-A3AA00F8E3B8}.Debug-1.36.2|x64.Build.0 = Debug-1.36.2|x64
		{E33A3210-EC67-4E24-9927-A3AA00F8E3B8}.Debug-1.37.5|x64.ActiveCfg = Debug-1.37.5|x64
    {E33A3210-EC67-4E24-9927-A3AA00F8E3B8}.Debug-1.37.5|x64.Build.0 = Debug-1.37.5|x64
		{E33A3210-EC67-4E24-9927-A3AA00F8E3B8}.Release-1.29.1|x64.ActiveCfg = Release-1.29.1|x64
		{E33A3210-EC67-4E24-9927-A3AA00F8E3B8}.Release-1.29.1|x64.Build.0 = Release-1.29.1|x64
		{E33A3210-EC67-4E24-9927-A3AA00F8E3B8}.Release-1.34.2|x64.ActiveCfg = Release-1.34.2|x64
		{E33A3210-EC67-4E24-9927-A3AA00F8E3B8}.Release-1.34.2|x64.Build.0 = Release-1.34.2|x64
		{E33A3210-EC67-4E24-9927-A3AA00F8E3B8}.Release-1.36.2|x64.ActiveCfg = Release-1.36.2|x64
		{E33A3210-EC67-4E24-9927-A3AA00F8E3B8}.Release-1.36.2|x64.Build.0 = Release-1.36.2|x64
		{E33A3210-EC67-4E24-9927-A3AA00F8E3B8}.Release-1.37.5|x64.ActiveCfg = Release-1.37.5|x64
    {E33A3210-EC67-4E24-9927-A3AA00F8E3B8}.Release-1.37.5|x64.Build.0 = Release-1.37.5|x64
		{CDA7BC28-44E6-4197-9F64-25F25AE5AD42}.Debug-1.29.1|x64.ActiveCfg = Debug-1.29.1|x64
		{CDA7BC28-44E6-4197-9F64-25F25AE5AD42}.Debug-1.29.1|x64.Build.0 = Debug-1.29.1|x64
		{CDA7BC28-44E6-4197-9F64-25F25AE5AD42}.Debug-1.34.2|x64.ActiveCfg = Debug-1.34.2|x64
		{CDA7BC28-44E6-4197-9F64-25F25AE5AD42}.Debug-1.34.2|x64.Build.0 = Debug-1.34.2|x64
		{CDA7BC28-44E6-4197-9F64-25F25AE5AD42}.Debug-1.36.2|x64.ActiveCfg = Debug-1.36.2|x64
		{CDA7BC28-44E6-4197-9F64-25F25AE5AD42}.Debug-1.36.2|x64.Build.0 = Debug-1.36.2|x64
		{CDA7BC28-44E6-4197-9F64-25F25AE5AD42}.Debug-1.37.5|x64.ActiveCfg = Debug-1.37.5|x64
    {CDA7BC28-44E6-4197-9F64-25F25AE5AD42}.Debug-1.37.5|x64.Build.0 = Debug-1.37.5|x64
		{CDA7BC28-44E6-4197-9F64-25F25AE5AD42}.Release-1.29.1|x64.ActiveCfg = Release-1.29.1|x64
		{CDA7BC28-44E6-4197-9F64-25F25AE5AD42}.Release-1.29.1|x64.Build.0 = Release-1.29.1|x64
		{CDA7BC28-44E6-4197-9F64-25F25AE5AD42}.Release-1.34.2|x64.ActiveCfg = Release-1.34.2|x64
		{CDA7BC28-44E6-4197-9F64-25F25AE5AD42}.Release-1.34.2|x64.Build.0 = Release-1.34.2|x64
		{CDA7BC28-44E6-4197-9F64-25F25AE5AD42}.Release-1.36.2|x64.ActiveCfg = Release-1.36.2|x64
		{CDA7BC28-44E6-4197-9F64-25F25AE5AD42}.Release-1.36.2|x64.Build.0 = Release-1.36.2|x64
		{CDA7BC28-44E6-4197-9F64-25F25AE5AD42}.Release-1.37.5|x64.ActiveCfg = Release-1.37.5|x64
    {CDA7BC28-44E6-4197-9F64-25F25AE5AD42}.Release-1.37.5|x64.Build.0 = Release-1.37.5|x64
		{1FDA8A17-359C-44C6-B032-2FC119B1CB3B}.Debug-1.29.1|x64.ActiveCfg = Debug-1.29.1|x64
		{1FDA8A17-359C-44C6-B032-2FC119B1CB3B}.Debug-1.29.1|x64.Build.0 = Debug-1.29.1|x64
		{1FDA8A17-359C-44C6-B032-2FC119B1CB3B}.Debug-1.34.2|x64.ActiveCfg = Debug-1.34.2|x64
		{1FDA8A17-359C-44C6-B032-2FC119B1CB3B}.Debug-1.34.2|x64.Build.0 = Debug-1.34.2|x64
		{1FDA8A17-359C-44C6-B032-2FC119B1CB3B}.Debug-1.36.2|x64.ActiveCfg = Debug-1.36.2|x64
		{1FDA8A17-359C-44C6-B032-2FC119B1CB3B}.Debug-1.36.2|x64.Build.0 = Debug-1.36.2|x64
    {1FDA8A17-359C-44C6-B032-2FC119B1CB3B}.Debug-1.37.5|x64.ActiveCfg = Debug-1.37.5|x64
		{1FDA8A17-359C-44C6-B032-2FC119B1CB3B}.Debug-1.37.5|x64.Build.0 = Debug-1.37.5|x64		
		{1FDA8A17-359C-44C6-B032-2FC119B1CB3B}.Release-1.29.1|x64.ActiveCfg = Release-1.29.1|x64
		{1FDA8A17-359C-44C6-B032-2FC119B1CB3B}.Release-1.29.1|x64.Build.0 = Release-1.29.1|x64
		{1FDA8A17-359C-44C6-B032-2FC119B1CB3B}.Release-1.34.2|x64.ActiveCfg = Release-1.34.2|x64
		{1FDA8A17-359C-44C6-B032-2FC119B1CB3B}.Release-1.34.2|x64.Build.0 = Release-1.34.2|x64
		{1FDA8A17-359C-44C6-B032-2FC119B1CB3B}.Release-1.36.2|x64.ActiveCfg = Release-1.36.2|x64
		{1FDA8A17-359C-44C6-B032-2FC119B1CB3B}.Release-1.36.2|x64.Build.0 = Release-1.36.2|x64
		{1FDA8A17-359C-44C6-B032-2FC119B1CB3B}.Release-1.37.5|x64.ActiveCfg = Release-1.37.5|x64
    {1FDA8A17-359C-44C6-B032-2FC119B1CB3B}.Release-1.37.5|x64.Build.0 = Release-1.37.5|x64
	EndGlobalSection
	GlobalSection(SolutionProperties) = preSolution
		HideSolutionNode = FALSE
	EndGlobalSection
	GlobalSection(ExtensibilityGlobals) = postSolution
		SolutionGuid = {43F9DC4A-CFA3-49CE-81CA-9BEE6F266763}
	EndGlobalSection
EndGlobal
